// !$*UTF8*$!
{
	archiveVersion = 1;
	classes = {
	};
	objectVersion = 46;
	objects = {

/* Begin PBXBuildFile section */
		A00FECBF19762C5800C92118 /* World.cpp in Sources */ = {isa = PBXBuildFile; fileRef = A00FECBE19762C5800C92118 /* World.cpp */; };
		A00FECC219765FFA00C92118 /* Animation.cpp in Sources */ = {isa = PBXBuildFile; fileRef = A00FECC119765FFA00C92118 /* Animation.cpp */; };
		A00FECC41976930E00C92118 /* character_01.bmp in Resources */ = {isa = PBXBuildFile; fileRef = A00FECC31976930E00C92118 /* character_01.bmp */; };
		A00FECC61976AB8200C92118 /* test.tmx in Resources */ = {isa = PBXBuildFile; fileRef = A00FECC51976AB8200C92118 /* test.tmx */; };
		A00FECC81976AB9400C92118 /* nestle.png in Resources */ = {isa = PBXBuildFile; fileRef = A00FECC71976AB9400C92118 /* nestle.png */; };
		A00FECCA1976B59300C92118 /* GameEntity.cpp in Sources */ = {isa = PBXBuildFile; fileRef = A00FECC91976B59300C92118 /* GameEntity.cpp */; };
		A00FECCC197B76BB00C92118 /* Game.cpp in Sources */ = {isa = PBXBuildFile; fileRef = A00FECCB197B76BB00C92118 /* Game.cpp */; };
		A00FECCF197B842A00C92118 /* libBox2D.2.3.0.dylib in Frameworks */ = {isa = PBXBuildFile; fileRef = A00FECCE197B842A00C92118 /* libBox2D.2.3.0.dylib */; };
		A00FECD5197C94B400C92118 /* SceneNode.cpp in Sources */ = {isa = PBXBuildFile; fileRef = A00FECD4197C94B400C92118 /* SceneNode.cpp */; };
		A00FECD7197C953800C92118 /* SpriteNode.cpp in Sources */ = {isa = PBXBuildFile; fileRef = A00FECD6197C953800C92118 /* SpriteNode.cpp */; };
		A00FECDD197F5A2C00C92118 /* box.png in Resources */ = {isa = PBXBuildFile; fileRef = A00FECDB197F5A2C00C92118 /* box.png */; };
		A00FECDE197F5A2C00C92118 /* ground.png in Resources */ = {isa = PBXBuildFile; fileRef = A00FECDC197F5A2C00C92118 /* ground.png */; };
		A00FECE1197F5A9100C92118 /* Box.cpp in Sources */ = {isa = PBXBuildFile; fileRef = A00FECE0197F5A9100C92118 /* Box.cpp */; };
		A02CE4E0197233C100D89C70 /* Jump.ogg in Resources */ = {isa = PBXBuildFile; fileRef = A02CE4DD197233C100D89C70 /* Jump.ogg */; };
		A02CE4E1197233C100D89C70 /* Mario_Theme.ogg in Resources */ = {isa = PBXBuildFile; fileRef = A02CE4DE197233C100D89C70 /* Mario_Theme.ogg */; };
		A02CE4E2197233C100D89C70 /* Mario_tileset.png in Resources */ = {isa = PBXBuildFile; fileRef = A02CE4DF197233C100D89C70 /* Mario_tileset.png */; };
		A02CE4E819751F4B00D89C70 /* Untitled.tmx in Resources */ = {isa = PBXBuildFile; fileRef = A02CE4E719751F4B00D89C70 /* Untitled.tmx */; };
		A02CE4EA1975326A00D89C70 /* libz.dylib in Frameworks */ = {isa = PBXBuildFile; fileRef = A02CE4E91975326A00D89C70 /* libz.dylib */; };
		A02CE515197562D300D89C70 /* DebugShape.cpp in Sources */ = {isa = PBXBuildFile; fileRef = A02CE50D197562D300D89C70 /* DebugShape.cpp */; };
		A02CE516197562D300D89C70 /* MapLayer.cpp in Sources */ = {isa = PBXBuildFile; fileRef = A02CE50E197562D300D89C70 /* MapLayer.cpp */; };
		A02CE517197562D300D89C70 /* MapLoaderPrivate.cpp in Sources */ = {isa = PBXBuildFile; fileRef = A02CE50F197562D300D89C70 /* MapLoaderPrivate.cpp */; };
		A02CE518197562D300D89C70 /* MapLoaderPublic.cpp in Sources */ = {isa = PBXBuildFile; fileRef = A02CE510197562D300D89C70 /* MapLoaderPublic.cpp */; };
		A02CE519197562D300D89C70 /* MapObject.cpp in Sources */ = {isa = PBXBuildFile; fileRef = A02CE511197562D300D89C70 /* MapObject.cpp */; };
		A02CE51A197562D300D89C70 /* pugixml.cpp in Sources */ = {isa = PBXBuildFile; fileRef = A02CE513197562D300D89C70 /* pugixml.cpp */; };
		A02CE51B197562D300D89C70 /* QuadTreeNode.cpp in Sources */ = {isa = PBXBuildFile; fileRef = A02CE514197562D300D89C70 /* QuadTreeNode.cpp */; };
		A02CE51D1975638E00D89C70 /* grass-tiles-2-small.png in Resources */ = {isa = PBXBuildFile; fileRef = A02CE51C1975638E00D89C70 /* grass-tiles-2-small.png */; };
		A0C1AADD197107EC000D33FA /* ResourcePath.mm in Sources */ = {isa = PBXBuildFile; fileRef = A0C1AADC197107EC000D33FA /* ResourcePath.mm */; };
		A0C1AAE0197107EC000D33FA /* main.cpp in Sources */ = {isa = PBXBuildFile; fileRef = A0C1AADF197107EC000D33FA /* main.cpp */; };
		A0C1AAE3197107EC000D33FA /* cute_image.jpg in Resources */ = {isa = PBXBuildFile; fileRef = A0C1AAE2197107EC000D33FA /* cute_image.jpg */; };
		A0C1AAE5197107EC000D33FA /* nice_music.ogg in Resources */ = {isa = PBXBuildFile; fileRef = A0C1AAE4197107EC000D33FA /* nice_music.ogg */; };
		A0C1AAE7197107EC000D33FA /* sansation.ttf in Resources */ = {isa = PBXBuildFile; fileRef = A0C1AAE6197107EC000D33FA /* sansation.ttf */; };
		A0C1AAE9197107EC000D33FA /* icon.png in Resources */ = {isa = PBXBuildFile; fileRef = A0C1AAE8197107EC000D33FA /* icon.png */; };
		A0C1AAF0197119E6000D33FA /* Person.cpp in Sources */ = {isa = PBXBuildFile; fileRef = A0C1AAEF197119E6000D33FA /* Person.cpp */; };
/* End PBXBuildFile section */

/* Begin PBXFileReference section */
		A00FECBC19760B1B00C92118 /* World.h */ = {isa = PBXFileReference; lastKnownFileType = sourcecode.c.h; path = World.h; sourceTree = "<group>"; };
		A00FECBD1976152B00C92118 /* Renderable.h */ = {isa = PBXFileReference; lastKnownFileType = sourcecode.c.h; path = Renderable.h; sourceTree = "<group>"; };
		A00FECBE19762C5800C92118 /* World.cpp */ = {isa = PBXFileReference; fileEncoding = 4; lastKnownFileType = sourcecode.cpp.cpp; path = World.cpp; sourceTree = "<group>"; };
		A00FECC01976430F00C92118 /* Animation.h */ = {isa = PBXFileReference; lastKnownFileType = sourcecode.c.h; path = Animation.h; sourceTree = "<group>"; };
		A00FECC119765FFA00C92118 /* Animation.cpp */ = {isa = PBXFileReference; fileEncoding = 4; lastKnownFileType = sourcecode.cpp.cpp; path = Animation.cpp; sourceTree = "<group>"; };
		A00FECC31976930E00C92118 /* character_01.bmp */ = {isa = PBXFileReference; lastKnownFileType = image.bmp; path = character_01.bmp; sourceTree = "<group>"; };
		A00FECC51976AB8200C92118 /* test.tmx */ = {isa = PBXFileReference; fileEncoding = 4; lastKnownFileType = text.xml; path = test.tmx; sourceTree = "<group>"; };
		A00FECC71976AB9400C92118 /* nestle.png */ = {isa = PBXFileReference; lastKnownFileType = image.png; path = nestle.png; sourceTree = "<group>"; };
		A00FECC91976B59300C92118 /* GameEntity.cpp */ = {isa = PBXFileReference; fileEncoding = 4; lastKnownFileType = sourcecode.cpp.cpp; path = GameEntity.cpp; sourceTree = "<group>"; };
		A00FECCB197B76BB00C92118 /* Game.cpp */ = {isa = PBXFileReference; fileEncoding = 4; lastKnownFileType = sourcecode.cpp.cpp; path = Game.cpp; sourceTree = "<group>"; };
		A00FECCD197B76DA00C92118 /* Game.h */ = {isa = PBXFileReference; lastKnownFileType = sourcecode.c.h; path = Game.h; sourceTree = "<group>"; };
		A00FECCE197B842A00C92118 /* libBox2D.2.3.0.dylib */ = {isa = PBXFileReference; lastKnownFileType = "compiled.mach-o.dylib"; name = libBox2D.2.3.0.dylib; path = ../../../../usr/local/Cellar/box2d/2.3.0/lib/libBox2D.2.3.0.dylib; sourceTree = "<group>"; };
		A00FECD0197BFC8E00C92118 /* SceneNode.h */ = {isa = PBXFileReference; lastKnownFileType = sourcecode.c.h; path = SceneNode.h; sourceTree = "<group>"; };
		A00FECD1197C942C00C92118 /* ResourceHolder.h */ = {isa = PBXFileReference; lastKnownFileType = sourcecode.c.h; path = ResourceHolder.h; sourceTree = "<group>"; };
		A00FECD4197C94B400C92118 /* SceneNode.cpp */ = {isa = PBXFileReference; fileEncoding = 4; lastKnownFileType = sourcecode.cpp.cpp; name = SceneNode.cpp; path = ../SceneNode.cpp; sourceTree = "<group>"; };
		A00FECD6197C953800C92118 /* SpriteNode.cpp */ = {isa = PBXFileReference; fileEncoding = 4; lastKnownFileType = sourcecode.cpp.cpp; path = SpriteNode.cpp; sourceTree = "<group>"; };
		A00FECD8197C954700C92118 /* SpriteNode.h */ = {isa = PBXFileReference; lastKnownFileType = sourcecode.c.h; path = SpriteNode.h; sourceTree = "<group>"; };
		A00FECD9197CA17000C92118 /* ResourceIdentifiers.h */ = {isa = PBXFileReference; lastKnownFileType = sourcecode.c.h; path = ResourceIdentifiers.h; sourceTree = "<group>"; };
		A00FECDA197D0A5500C92118 /* StringHelpers.h */ = {isa = PBXFileReference; lastKnownFileType = sourcecode.c.h; path = StringHelpers.h; sourceTree = "<group>"; };
		A00FECDB197F5A2C00C92118 /* box.png */ = {isa = PBXFileReference; lastKnownFileType = image.png; path = box.png; sourceTree = "<group>"; };
		A00FECDC197F5A2C00C92118 /* ground.png */ = {isa = PBXFileReference; lastKnownFileType = image.png; path = ground.png; sourceTree = "<group>"; };
		A00FECDF197F5A6100C92118 /* Box.h */ = {isa = PBXFileReference; lastKnownFileType = sourcecode.c.h; path = Box.h; sourceTree = "<group>"; };
		A00FECE0197F5A9100C92118 /* Box.cpp */ = {isa = PBXFileReference; fileEncoding = 4; lastKnownFileType = sourcecode.cpp.cpp; path = Box.cpp; sourceTree = "<group>"; };
		A02CE4DD197233C100D89C70 /* Jump.ogg */ = {isa = PBXFileReference; lastKnownFileType = file; name = Jump.ogg; path = "../../../Downloads/Mario source/Jump.ogg"; sourceTree = "<group>"; };
		A02CE4DE197233C100D89C70 /* Mario_Theme.ogg */ = {isa = PBXFileReference; lastKnownFileType = file; name = Mario_Theme.ogg; path = "../../../Downloads/Mario source/Mario_Theme.ogg"; sourceTree = "<group>"; };
		A02CE4DF197233C100D89C70 /* Mario_tileset.png */ = {isa = PBXFileReference; lastKnownFileType = image.png; name = Mario_tileset.png; path = "../../../Downloads/Mario source/Mario_tileset.png"; sourceTree = "<group>"; };
		A02CE4E3197514CC00D89C70 /* GameEntity.h */ = {isa = PBXFileReference; lastKnownFileType = sourcecode.c.h; path = GameEntity.h; sourceTree = "<group>"; };
		A02CE4E719751F4B00D89C70 /* Untitled.tmx */ = {isa = PBXFileReference; fileEncoding = 4; lastKnownFileType = text.xml; path = Untitled.tmx; sourceTree = "<group>"; };
		A02CE4E91975326A00D89C70 /* libz.dylib */ = {isa = PBXFileReference; lastKnownFileType = "compiled.mach-o.dylib"; name = libz.dylib; path = Platforms/MacOSX.platform/Developer/SDKs/MacOSX10.9.sdk/usr/lib/libz.dylib; sourceTree = DEVELOPER_DIR; };
		A02CE50D197562D300D89C70 /* DebugShape.cpp */ = {isa = PBXFileReference; fileEncoding = 4; lastKnownFileType = sourcecode.cpp.cpp; name = DebugShape.cpp; path = "../sfml-tmxloader/src/DebugShape.cpp"; sourceTree = "<group>"; };
		A02CE50E197562D300D89C70 /* MapLayer.cpp */ = {isa = PBXFileReference; fileEncoding = 4; lastKnownFileType = sourcecode.cpp.cpp; name = MapLayer.cpp; path = "../sfml-tmxloader/src/MapLayer.cpp"; sourceTree = "<group>"; };
		A02CE50F197562D300D89C70 /* MapLoaderPrivate.cpp */ = {isa = PBXFileReference; fileEncoding = 4; lastKnownFileType = sourcecode.cpp.cpp; name = MapLoaderPrivate.cpp; path = "../sfml-tmxloader/src/MapLoaderPrivate.cpp"; sourceTree = "<group>"; };
		A02CE510197562D300D89C70 /* MapLoaderPublic.cpp */ = {isa = PBXFileReference; fileEncoding = 4; lastKnownFileType = sourcecode.cpp.cpp; name = MapLoaderPublic.cpp; path = "../sfml-tmxloader/src/MapLoaderPublic.cpp"; sourceTree = "<group>"; };
		A02CE511197562D300D89C70 /* MapObject.cpp */ = {isa = PBXFileReference; fileEncoding = 4; lastKnownFileType = sourcecode.cpp.cpp; name = MapObject.cpp; path = "../sfml-tmxloader/src/MapObject.cpp"; sourceTree = "<group>"; };
		A02CE513197562D300D89C70 /* pugixml.cpp */ = {isa = PBXFileReference; fileEncoding = 4; lastKnownFileType = sourcecode.cpp.cpp; path = pugixml.cpp; sourceTree = "<group>"; };
		A02CE514197562D300D89C70 /* QuadTreeNode.cpp */ = {isa = PBXFileReference; fileEncoding = 4; lastKnownFileType = sourcecode.cpp.cpp; name = QuadTreeNode.cpp; path = "../sfml-tmxloader/src/QuadTreeNode.cpp"; sourceTree = "<group>"; };
		A02CE51C1975638E00D89C70 /* grass-tiles-2-small.png */ = {isa = PBXFileReference; lastKnownFileType = image.png; name = "grass-tiles-2-small.png"; path = "../../../Downloads/tileset/grass-tiles-2-small.png"; sourceTree = "<group>"; };
		A0C1AAD7197107EC000D33FA /* TestGame.app */ = {isa = PBXFileReference; explicitFileType = wrapper.application; includeInIndex = 0; path = TestGame.app; sourceTree = BUILT_PRODUCTS_DIR; };
		A0C1AADB197107EC000D33FA /* TestGame-Info.plist */ = {isa = PBXFileReference; lastKnownFileType = text.plist.xml; path = "TestGame-Info.plist"; sourceTree = "<group>"; };
		A0C1AADC197107EC000D33FA /* ResourcePath.mm */ = {isa = PBXFileReference; lastKnownFileType = sourcecode.cpp.objcpp; path = ResourcePath.mm; sourceTree = "<group>"; };
		A0C1AADE197107EC000D33FA /* ResourcePath.hpp */ = {isa = PBXFileReference; lastKnownFileType = sourcecode.cpp.h; path = ResourcePath.hpp; sourceTree = "<group>"; };
		A0C1AADF197107EC000D33FA /* main.cpp */ = {isa = PBXFileReference; lastKnownFileType = sourcecode.cpp.cpp; path = main.cpp; sourceTree = "<group>"; };
		A0C1AAE2197107EC000D33FA /* cute_image.jpg */ = {isa = PBXFileReference; lastKnownFileType = image.jpeg; path = cute_image.jpg; sourceTree = "<group>"; };
		A0C1AAE4197107EC000D33FA /* nice_music.ogg */ = {isa = PBXFileReference; lastKnownFileType = file; path = nice_music.ogg; sourceTree = "<group>"; };
		A0C1AAE6197107EC000D33FA /* sansation.ttf */ = {isa = PBXFileReference; lastKnownFileType = file; path = sansation.ttf; sourceTree = "<group>"; };
		A0C1AAE8197107EC000D33FA /* icon.png */ = {isa = PBXFileReference; lastKnownFileType = image.png; path = icon.png; sourceTree = "<group>"; };
		A0C1AAEF197119E6000D33FA /* Person.cpp */ = {isa = PBXFileReference; fileEncoding = 4; lastKnownFileType = sourcecode.cpp.cpp; path = Person.cpp; sourceTree = "<group>"; };
		A0C1AAF11972228D000D33FA /* Person.h */ = {isa = PBXFileReference; lastKnownFileType = sourcecode.c.h; path = Person.h; sourceTree = "<group>"; };
/* End PBXFileReference section */

/* Begin PBXFrameworksBuildPhase section */
		A0C1AAD3197107EC000D33FA /* Frameworks */ = {
			isa = PBXFrameworksBuildPhase;
			buildActionMask = 2147483647;
			files = (
				A00FECCF197B842A00C92118 /* libBox2D.2.3.0.dylib in Frameworks */,
				A02CE4EA1975326A00D89C70 /* libz.dylib in Frameworks */,
			);
			runOnlyForDeploymentPostprocessing = 0;
		};
/* End PBXFrameworksBuildPhase section */

/* Begin PBXGroup section */
		A02CE512197562D300D89C70 /* pugixml */ = {
			isa = PBXGroup;
			children = (
				A02CE513197562D300D89C70 /* pugixml.cpp */,
			);
			name = pugixml;
			path = "../sfml-tmxloader/src/pugixml";
			sourceTree = "<group>";
		};
		A0C1AACD197107EC000D33FA = {
			isa = PBXGroup;
			children = (
				A00FECCE197B842A00C92118 /* libBox2D.2.3.0.dylib */,
				A02CE50D197562D300D89C70 /* DebugShape.cpp */,
				A02CE50E197562D300D89C70 /* MapLayer.cpp */,
				A02CE50F197562D300D89C70 /* MapLoaderPrivate.cpp */,
				A02CE510197562D300D89C70 /* MapLoaderPublic.cpp */,
				A02CE511197562D300D89C70 /* MapObject.cpp */,
				A02CE512197562D300D89C70 /* pugixml */,
				A02CE514197562D300D89C70 /* QuadTreeNode.cpp */,
				A02CE4E91975326A00D89C70 /* libz.dylib */,
				A0C1AAD9197107EC000D33FA /* TestGame */,
				A0C1AAD8197107EC000D33FA /* Products */,
			);
			sourceTree = "<group>";
		};
		A0C1AAD8197107EC000D33FA /* Products */ = {
			isa = PBXGroup;
			children = (
				A0C1AAD7197107EC000D33FA /* TestGame.app */,
			);
			name = Products;
			sourceTree = "<group>";
		};
		A0C1AAD9197107EC000D33FA /* TestGame */ = {
			isa = PBXGroup;
			children = (
				A0C1AADC197107EC000D33FA /* ResourcePath.mm */,
				A0C1AADE197107EC000D33FA /* ResourcePath.hpp */,
				A0C1AAEF197119E6000D33FA /* Person.cpp */,
				A0C1AAF11972228D000D33FA /* Person.h */,
				A00FECDF197F5A6100C92118 /* Box.h */,
				A00FECE0197F5A9100C92118 /* Box.cpp */,
				A00FECDA197D0A5500C92118 /* StringHelpers.h */,
				A00FECD9197CA17000C92118 /* ResourceIdentifiers.h */,
				A00FECD1197C942C00C92118 /* ResourceHolder.h */,
				A00FECCB197B76BB00C92118 /* Game.cpp */,
				A00FECCD197B76DA00C92118 /* Game.h */,
				A02CE4E3197514CC00D89C70 /* GameEntity.h */,
				A00FECC91976B59300C92118 /* GameEntity.cpp */,
				A00FECC01976430F00C92118 /* Animation.h */,
				A00FECC119765FFA00C92118 /* Animation.cpp */,
				A00FECBC19760B1B00C92118 /* World.h */,
				A00FECBE19762C5800C92118 /* World.cpp */,
				A00FECD0197BFC8E00C92118 /* SceneNode.h */,
				A00FECD4197C94B400C92118 /* SceneNode.cpp */,
				A00FECD8197C954700C92118 /* SpriteNode.h */,
				A00FECD6197C953800C92118 /* SpriteNode.cpp */,
				A00FECBD1976152B00C92118 /* Renderable.h */,
				A0C1AADF197107EC000D33FA /* main.cpp */,
				A0C1AAE1197107EC000D33FA /* Resources */,
				A0C1AADA197107EC000D33FA /* Supporting Files */,
			);
			path = TestGame;
			sourceTree = "<group>";
		};
		A0C1AADA197107EC000D33FA /* Supporting Files */ = {
			isa = PBXGroup;
			children = (
				A0C1AADB197107EC000D33FA /* TestGame-Info.plist */,
			);
			name = "Supporting Files";
			sourceTree = "<group>";
		};
		A0C1AAE1197107EC000D33FA /* Resources */ = {
			isa = PBXGroup;
			children = (
				A00FECDB197F5A2C00C92118 /* box.png */,
				A00FECDC197F5A2C00C92118 /* ground.png */,
				A00FECC71976AB9400C92118 /* nestle.png */,
				A00FECC51976AB8200C92118 /* test.tmx */,
				A00FECC31976930E00C92118 /* character_01.bmp */,
				A02CE51C1975638E00D89C70 /* grass-tiles-2-small.png */,
				A02CE4E719751F4B00D89C70 /* Untitled.tmx */,
				A02CE4DD197233C100D89C70 /* Jump.ogg */,
				A02CE4DE197233C100D89C70 /* Mario_Theme.ogg */,
				A02CE4DF197233C100D89C70 /* Mario_tileset.png */,
				A0C1AAE2197107EC000D33FA /* cute_image.jpg */,
				A0C1AAE4197107EC000D33FA /* nice_music.ogg */,
				A0C1AAE6197107EC000D33FA /* sansation.ttf */,
				A0C1AAE8197107EC000D33FA /* icon.png */,
			);
			name = Resources;
			sourceTree = "<group>";
		};
/* End PBXGroup section */

/* Begin PBXNativeTarget section */
		A0C1AAD6197107EC000D33FA /* TestGame */ = {
			isa = PBXNativeTarget;
			buildConfigurationList = A0C1AAEC197107EC000D33FA /* Build configuration list for PBXNativeTarget "TestGame" */;
			buildPhases = (
				A0C1AAD2197107EC000D33FA /* Sources */,
				A0C1AAD3197107EC000D33FA /* Frameworks */,
				A0C1AAD4197107EC000D33FA /* Resources */,
				A0C1AAD5197107EC000D33FA /* ShellScript */,
			);
			buildRules = (
			);
			dependencies = (
			);
			name = TestGame;
			productName = TestGame;
			productReference = A0C1AAD7197107EC000D33FA /* TestGame.app */;
			productType = "com.apple.product-type.application";
		};
/* End PBXNativeTarget section */

/* Begin PBXProject section */
		A0C1AACE197107EC000D33FA /* Project object */ = {
			isa = PBXProject;
			attributes = {
				LastUpgradeCheck = 0600;
				ORGANIZATIONNAME = "Lucas Berezy";
				TargetAttributes = {
					A0C1AAD6197107EC000D33FA = {
						CreatedOnToolsVersion = 6.0;
					};
				};
			};
			buildConfigurationList = A0C1AAD1197107EC000D33FA /* Build configuration list for PBXProject "TestGame" */;
			compatibilityVersion = "Xcode 3.2";
			developmentRegion = English;
			hasScannedForEncodings = 0;
			knownRegions = (
				en,
			);
			mainGroup = A0C1AACD197107EC000D33FA;
			productRefGroup = A0C1AAD8197107EC000D33FA /* Products */;
			projectDirPath = "";
			projectRoot = "";
			targets = (
				A0C1AAD6197107EC000D33FA /* TestGame */,
			);
		};
/* End PBXProject section */

/* Begin PBXResourcesBuildPhase section */
		A0C1AAD4197107EC000D33FA /* Resources */ = {
			isa = PBXResourcesBuildPhase;
			buildActionMask = 2147483647;
			files = (
				A02CE4E2197233C100D89C70 /* Mario_tileset.png in Resources */,
				A02CE4E1197233C100D89C70 /* Mario_Theme.ogg in Resources */,
				A00FECDE197F5A2C00C92118 /* ground.png in Resources */,
				A02CE51D1975638E00D89C70 /* grass-tiles-2-small.png in Resources */,
				A0C1AAE9197107EC000D33FA /* icon.png in Resources */,
				A02CE4E0197233C100D89C70 /* Jump.ogg in Resources */,
				A02CE4E819751F4B00D89C70 /* Untitled.tmx in Resources */,
				A00FECC41976930E00C92118 /* character_01.bmp in Resources */,
				A0C1AAE7197107EC000D33FA /* sansation.ttf in Resources */,
				A00FECC81976AB9400C92118 /* nestle.png in Resources */,
				A0C1AAE5197107EC000D33FA /* nice_music.ogg in Resources */,
				A0C1AAE3197107EC000D33FA /* cute_image.jpg in Resources */,
				A00FECDD197F5A2C00C92118 /* box.png in Resources */,
				A00FECC61976AB8200C92118 /* test.tmx in Resources */,
			);
			runOnlyForDeploymentPostprocessing = 0;
		};
/* End PBXResourcesBuildPhase section */

/* Begin PBXShellScriptBuildPhase section */
		A0C1AAD5197107EC000D33FA /* ShellScript */ = {
			isa = PBXShellScriptBuildPhase;
			buildActionMask = 2147483647;
			files = (
			);
			inputPaths = (
			);
			outputPaths = (
			);
			runOnlyForDeploymentPostprocessing = 0;
			shellPath = /bin/sh;
			shellScript = "# This shell script simply copies required sfml dylibs/frameworks into the application bundle frameworks folder.\n# If you're using static libraries (which is not recommended) you should remove this script from your project.\n\n# Are we building a project that uses framework or dylibs ?\ncase \"$SFML_BINARY_TYPE\" in\n    DYLIBS)\n        frameworks=\"false\"\n        ;;\n    *)\n        frameworks=\"true\"\n        ;;\nesac\n\n# Echoes to stderr\nerror () # $* message to display\n{\n    echo $* 1>&2\n    exit 2\n}\n\nassert () # $1 is a boolean, $2...N is an error message\n{\n    if [ $# -lt 2 ]\n    then\n        error \"Internal error in assert : not enough args\"\n    fi\n\n    if [ $1 -ne 0 ]\n    then\n        shift\n        error \"$*\"\n    fi\n}\n\nforce_remove () # $1 is a path\n{\n    test $# -eq 1\n    assert $? \"force_remove() requires one parameter\"\n    rm -fr \"$1\"\n    assert $? \"couldn't remove $1\"\n}\n\ncopy () # $1 is a source, $2 is a destination\n{\n    test $# -eq 2\n    assert $? \"copy() requires two parameters\"\n    ditto \"$1\" \"$2\"\n    assert $? \"couldn't copy $1 to $2\"\n}\n\nrequire () # $1 is a SFML module like 'system' or 'audio'\n{\n    dest=\"$BUILT_PRODUCTS_DIR/$PRODUCT_NAME.app/Contents/Frameworks\"\n\n    if [ -z \"$1\" ]\n    then\n        error \"require() requires one parameter!\"\n    else\n        # clean potentially old stuff\n        force_remove \"$dest/libsfml-$1.2.dylib\"\n        force_remove \"$dest/libsfml-$1-d.2.dylib\"\n        force_remove \"$dest/sfml-$1.framework\"\n\n        # copy SFML libraries\n        if [ \"$frameworks\" = \"true\" ]\n        then\n            copy \"/Library/Frameworks/sfml-$1.framework\" \"$dest/sfml-$1.framework\"\n        elif [ \"$SFML_LINK_DYLIBS_SUFFIX\" = \"-d\" ]\n        then\n            copy \"/usr/local/lib/libsfml-$1-d.2.dylib\" \"$dest/libsfml-$1-d.2.dylib\"\n        else\n            copy \"/usr/local/lib/libsfml-$1.2.dylib\" \"$dest/libsfml-$1.2.dylib\"\n        fi\n\n        if [ \"$1\" = \"audio\" ]\n        then\n            # copy sndfile framework too\n            copy \"/Library/Frameworks/sndfile.framework\" \"$dest/sndfile.framework\"\n        fi\n\n        if [ \"$1\" = \"graphics\" ]\n        then\n            # copy freetype framework too\n            copy \"/Library/Frameworks/freetype.framework\" \"$dest/freetype.framework\"\n        fi\n    fi\n}\n\nif [ -n \"$SFML_SYSTEM\" ]\nthen\n    require \"system\"\nfi\n\nif [ -n \"$SFML_AUDIO\" ]\nthen\n    require \"audio\"\nfi\n\nif [ -n \"$SFML_NETWORK\" ]\nthen\n    require \"network\"\nfi\n\nif [ -n \"$SFML_WINDOW\" ]\nthen\n    require \"window\"\nfi\n\nif [ -n \"$SFML_GRAPHICS\" ]\nthen\n    require \"graphics\"\nfi\n\n                ";
		};
/* End PBXShellScriptBuildPhase section */

/* Begin PBXSourcesBuildPhase section */
		A0C1AAD2197107EC000D33FA /* Sources */ = {
			isa = PBXSourcesBuildPhase;
			buildActionMask = 2147483647;
			files = (
				A02CE51A197562D300D89C70 /* pugixml.cpp in Sources */,
				A02CE51B197562D300D89C70 /* QuadTreeNode.cpp in Sources */,
				A00FECD5197C94B400C92118 /* SceneNode.cpp in Sources */,
				A00FECBF19762C5800C92118 /* World.cpp in Sources */,
				A02CE518197562D300D89C70 /* MapLoaderPublic.cpp in Sources */,
				A00FECCA1976B59300C92118 /* GameEntity.cpp in Sources */,
				A00FECD7197C953800C92118 /* SpriteNode.cpp in Sources */,
				A0C1AAE0197107EC000D33FA /* main.cpp in Sources */,
				A02CE515197562D300D89C70 /* DebugShape.cpp in Sources */,
				A0C1AADD197107EC000D33FA /* ResourcePath.mm in Sources */,
				A00FECCC197B76BB00C92118 /* Game.cpp in Sources */,
				A02CE516197562D300D89C70 /* MapLayer.cpp in Sources */,
				A00FECE1197F5A9100C92118 /* Box.cpp in Sources */,
				A00FECC219765FFA00C92118 /* Animation.cpp in Sources */,
				A02CE517197562D300D89C70 /* MapLoaderPrivate.cpp in Sources */,
				A02CE519197562D300D89C70 /* MapObject.cpp in Sources */,
				A0C1AAF0197119E6000D33FA /* Person.cpp in Sources */,
			);
			runOnlyForDeploymentPostprocessing = 0;
		};
/* End PBXSourcesBuildPhase section */

/* Begin XCBuildConfiguration section */
		A0C1AAEA197107EC000D33FA /* Debug */ = {
			isa = XCBuildConfiguration;
			buildSettings = {
				ARCHS = "$(ARCHS_STANDARD_32_64_BIT)";
				CLANG_CXX_LANGUAGE_STANDARD = "c++0x";
				CLANG_CXX_LIBRARY = "libc++";
				CLANG_WARN_EMPTY_BODY = YES;
				CLANG_WARN__DUPLICATE_METHOD_MATCH = YES;
				FRAMEWORK_SEARCH_PATHS = (
					/Library/Frameworks/,
					"$(inherited)",
				);
				GCC_OPTIMIZATION_LEVEL = 0;
				GCC_PREPROCESSOR_DEFINITIONS = (
					"DEBUG=1",
					"$(inherited)",
				);
				GCC_VERSION = com.apple.compilers.llvm.clang.1_0;
				GCC_WARN_ABOUT_RETURN_TYPE = YES;
				GCC_WARN_UNINITIALIZED_AUTOS = YES;
				GCC_WARN_UNUSED_VARIABLE = YES;
				HEADER_SEARCH_PATHS = (
					/usr/local/include/,
					"$(inherited)",
				);
				LIBRARY_SEARCH_PATHS = (
					/usr/local/lib/,
					"$(inherited)",
				);
				ONLY_ACTIVE_ARCH = NO;
				OTHER_LDFLAGS = (
					"$(inherited)",
					"$(SFML_SYSTEM)",
					"$(SFML_WINDOW)",
					"$(SFML_GRAPHICS)",
					"$(SFML_AUDIO)",
					"$(SFML_NETWORK)",
				);
				SFML_AUDIO = "$(SFML_LINK_PREFIX) sfml-audio$(SFML_LINK_SUFFIX)";
				SFML_BINARY_TYPE = FRAMEWORKS;
				SFML_GRAPHICS = "$(SFML_LINK_PREFIX) sfml-graphics$(SFML_LINK_SUFFIX)";
				SFML_LINK_DYLIBS_PREFIX = "-l";
				SFML_LINK_DYLIBS_SUFFIX = "";
				SFML_LINK_FRAMEWORKS_PREFIX = "-framework";
				SFML_LINK_FRAMEWORKS_SUFFIX = "";
				SFML_LINK_PREFIX = "$(SFML_LINK_$(SFML_BINARY_TYPE)_PREFIX)";
				SFML_LINK_SUFFIX = "$(SFML_LINK_$(SFML_BINARY_TYPE)_SUFFIX)";
				SFML_NETWORK = "$(SFML_LINK_PREFIX) sfml-network$(SFML_LINK_SUFFIX)";
				SFML_SYSTEM = "$(SFML_LINK_PREFIX) sfml-system$(SFML_LINK_SUFFIX)";
				SFML_WINDOW = "$(SFML_LINK_PREFIX) sfml-window$(SFML_LINK_SUFFIX)";
				SUPPORTED_PLATFORMS = macosx;
			};
			name = Debug;
		};
		A0C1AAEB197107EC000D33FA /* Release */ = {
			isa = XCBuildConfiguration;
			buildSettings = {
				ARCHS = "$(ARCHS_STANDARD_32_64_BIT)";
				CLANG_CXX_LANGUAGE_STANDARD = "c++0x";
				CLANG_CXX_LIBRARY = "libc++";
				CLANG_WARN_EMPTY_BODY = YES;
				CLANG_WARN__DUPLICATE_METHOD_MATCH = YES;
				COPY_PHASE_STRIP = YES;
				FRAMEWORK_SEARCH_PATHS = (
					/Library/Frameworks/,
					"$(inherited)",
				);
				GCC_VERSION = com.apple.compilers.llvm.clang.1_0;
				GCC_WARN_ABOUT_RETURN_TYPE = YES;
				GCC_WARN_UNINITIALIZED_AUTOS = YES;
				GCC_WARN_UNUSED_VARIABLE = YES;
				HEADER_SEARCH_PATHS = (
					/usr/local/include/,
					"$(inherited)",
				);
				LIBRARY_SEARCH_PATHS = (
					/usr/local/lib/,
					"$(inherited)",
				);
				ONLY_ACTIVE_ARCH = NO;
				OTHER_LDFLAGS = (
					"$(inherited)",
					"$(SFML_SYSTEM)",
					"$(SFML_WINDOW)",
					"$(SFML_GRAPHICS)",
					"$(SFML_AUDIO)",
					"$(SFML_NETWORK)",
				);
				SFML_AUDIO = "$(SFML_LINK_PREFIX) sfml-audio$(SFML_LINK_SUFFIX)";
				SFML_BINARY_TYPE = FRAMEWORKS;
				SFML_GRAPHICS = "$(SFML_LINK_PREFIX) sfml-graphics$(SFML_LINK_SUFFIX)";
				SFML_LINK_DYLIBS_PREFIX = "-l";
				SFML_LINK_DYLIBS_SUFFIX = "";
				SFML_LINK_FRAMEWORKS_PREFIX = "-framework";
				SFML_LINK_FRAMEWORKS_SUFFIX = "";
				SFML_LINK_PREFIX = "$(SFML_LINK_$(SFML_BINARY_TYPE)_PREFIX)";
				SFML_LINK_SUFFIX = "$(SFML_LINK_$(SFML_BINARY_TYPE)_SUFFIX)";
				SFML_NETWORK = "$(SFML_LINK_PREFIX) sfml-network$(SFML_LINK_SUFFIX)";
				SFML_SYSTEM = "$(SFML_LINK_PREFIX) sfml-system$(SFML_LINK_SUFFIX)";
				SFML_WINDOW = "$(SFML_LINK_PREFIX) sfml-window$(SFML_LINK_SUFFIX)";
				SUPPORTED_PLATFORMS = macosx;
			};
			name = Release;
		};
		A0C1AAED197107EC000D33FA /* Debug */ = {
			isa = XCBuildConfiguration;
			buildSettings = {
				ARCHS = "$(ARCHS_STANDARD)";
				INFOPLIST_FILE = "TestGame/TestGame-Info.plist";
				LIBRARY_SEARCH_PATHS = (
					"$(inherited)",
					/usr/local/Cellar/box2d/2.3.0/lib,
				);
				ONLY_ACTIVE_ARCH = YES;
				PRODUCT_NAME = "$(TARGET_NAME)";
				SDKROOT = macosx10.9;
			};
			name = Debug;
		};
		A0C1AAEE197107EC000D33FA /* Release */ = {
			isa = XCBuildConfiguration;
			buildSettings = {
				ARCHS = "$(ARCHS_STANDARD)";
				INFOPLIST_FILE = "TestGame/TestGame-Info.plist";
				LIBRARY_SEARCH_PATHS = (
					"$(inherited)",
					/usr/local/Cellar/box2d/2.3.0/lib,
				);
				PRODUCT_NAME = "$(TARGET_NAME)";
				SDKROOT = macosx10.9;
			};
			name = Release;
		};
/* End XCBuildConfiguration section */

/* Begin XCConfigurationList section */
		A0C1AAD1197107EC000D33FA /* Build configuration list for PBXProject "TestGame" */ = {
			isa = XCConfigurationList;
			buildConfigurations = (
				A0C1AAEA197107EC000D33FA /* Debug */,
				A0C1AAEB197107EC000D33FA /* Release */,
			);
			defaultConfigurationIsVisible = 0;
			defaultConfigurationName = Release;
		};
		A0C1AAEC197107EC000D33FA /* Build configuration list for PBXNativeTarget "TestGame" */ = {
			isa = XCConfigurationList;
			buildConfigurations = (
				A0C1AAED197107EC000D33FA /* Debug */,
				A0C1AAEE197107EC000D33FA /* Release */,
			);
			defaultConfigurationIsVisible = 0;
			defaultConfigurationName = Release;
		};
/* End XCConfigurationList section */
	};
	rootObject = A0C1AACE197107EC000D33FA /* Project object */;
}
