// !$*UTF8*$!
{
	archiveVersion = 1;
	classes = {
	};
	objectVersion = 46;
	objects = {

/* Begin PBXBuildFile section */
		A02CE4E0197233C100D89C70 /* Jump.ogg in Resources */ = {isa = PBXBuildFile; fileRef = A02CE4DD197233C100D89C70 /* Jump.ogg */; };
		A02CE4E1197233C100D89C70 /* Mario_Theme.ogg in Resources */ = {isa = PBXBuildFile; fileRef = A02CE4DE197233C100D89C70 /* Mario_Theme.ogg */; };
		A02CE4E2197233C100D89C70 /* Mario_tileset.png in Resources */ = {isa = PBXBuildFile; fileRef = A02CE4DF197233C100D89C70 /* Mario_tileset.png */; };
		A02CE4E61975169E00D89C70 /* GameEntity.cpp in Sources */ = {isa = PBXBuildFile; fileRef = A02CE4E51975169E00D89C70 /* GameEntity.cpp */; };
		A0C1AADD197107EC000D33FA /* ResourcePath.mm in Sources */ = {isa = PBXBuildFile; fileRef = A0C1AADC197107EC000D33FA /* ResourcePath.mm */; };
		A0C1AAE0197107EC000D33FA /* main.cpp in Sources */ = {isa = PBXBuildFile; fileRef = A0C1AADF197107EC000D33FA /* main.cpp */; };
		A0C1AAE3197107EC000D33FA /* cute_image.jpg in Resources */ = {isa = PBXBuildFile; fileRef = A0C1AAE2197107EC000D33FA /* cute_image.jpg */; };
		A0C1AAE5197107EC000D33FA /* nice_music.ogg in Resources */ = {isa = PBXBuildFile; fileRef = A0C1AAE4197107EC000D33FA /* nice_music.ogg */; };
		A0C1AAE7197107EC000D33FA /* sansation.ttf in Resources */ = {isa = PBXBuildFile; fileRef = A0C1AAE6197107EC000D33FA /* sansation.ttf */; };
		A0C1AAE9197107EC000D33FA /* icon.png in Resources */ = {isa = PBXBuildFile; fileRef = A0C1AAE8197107EC000D33FA /* icon.png */; };
		A0C1AAF0197119E6000D33FA /* Player.cpp in Sources */ = {isa = PBXBuildFile; fileRef = A0C1AAEF197119E6000D33FA /* Player.cpp */; };
/* End PBXBuildFile section */

/* Begin PBXFileReference section */
		A02CE4DD197233C100D89C70 /* Jump.ogg */ = {isa = PBXFileReference; lastKnownFileType = file; name = Jump.ogg; path = "../../../Downloads/Mario source/Jump.ogg"; sourceTree = "<group>"; };
		A02CE4DE197233C100D89C70 /* Mario_Theme.ogg */ = {isa = PBXFileReference; lastKnownFileType = file; name = Mario_Theme.ogg; path = "../../../Downloads/Mario source/Mario_Theme.ogg"; sourceTree = "<group>"; };
		A02CE4DF197233C100D89C70 /* Mario_tileset.png */ = {isa = PBXFileReference; lastKnownFileType = image.png; name = Mario_tileset.png; path = "../../../Downloads/Mario source/Mario_tileset.png"; sourceTree = "<group>"; };
		A02CE4E3197514CC00D89C70 /* GameEntity.h */ = {isa = PBXFileReference; lastKnownFileType = sourcecode.c.h; path = GameEntity.h; sourceTree = "<group>"; };
		A02CE4E4197515FA00D89C70 /* PhysicalEntity.h */ = {isa = PBXFileReference; lastKnownFileType = sourcecode.c.h; path = PhysicalEntity.h; sourceTree = "<group>"; };
		A02CE4E51975169E00D89C70 /* GameEntity.cpp */ = {isa = PBXFileReference; fileEncoding = 4; lastKnownFileType = sourcecode.cpp.cpp; path = GameEntity.cpp; sourceTree = "<group>"; };
		A0C1AAD7197107EC000D33FA /* TestGame.app */ = {isa = PBXFileReference; explicitFileType = wrapper.application; includeInIndex = 0; path = TestGame.app; sourceTree = BUILT_PRODUCTS_DIR; };
		A0C1AADB197107EC000D33FA /* TestGame-Info.plist */ = {isa = PBXFileReference; lastKnownFileType = text.plist.xml; path = "TestGame-Info.plist"; sourceTree = "<group>"; };
		A0C1AADC197107EC000D33FA /* ResourcePath.mm */ = {isa = PBXFileReference; lastKnownFileType = sourcecode.cpp.objcpp; path = ResourcePath.mm; sourceTree = "<group>"; };
		A0C1AADE197107EC000D33FA /* ResourcePath.hpp */ = {isa = PBXFileReference; lastKnownFileType = sourcecode.cpp.h; path = ResourcePath.hpp; sourceTree = "<group>"; };
		A0C1AADF197107EC000D33FA /* main.cpp */ = {isa = PBXFileReference; lastKnownFileType = sourcecode.cpp.cpp; path = main.cpp; sourceTree = "<group>"; };
		A0C1AAE2197107EC000D33FA /* cute_image.jpg */ = {isa = PBXFileReference; lastKnownFileType = image.jpeg; path = cute_image.jpg; sourceTree = "<group>"; };
		A0C1AAE4197107EC000D33FA /* nice_music.ogg */ = {isa = PBXFileReference; lastKnownFileType = file; path = nice_music.ogg; sourceTree = "<group>"; };
		A0C1AAE6197107EC000D33FA /* sansation.ttf */ = {isa = PBXFileReference; lastKnownFileType = file; path = sansation.ttf; sourceTree = "<group>"; };
		A0C1AAE8197107EC000D33FA /* icon.png */ = {isa = PBXFileReference; lastKnownFileType = image.png; path = icon.png; sourceTree = "<group>"; };
		A0C1AAEF197119E6000D33FA /* Player.cpp */ = {isa = PBXFileReference; fileEncoding = 4; lastKnownFileType = sourcecode.cpp.cpp; path = Player.cpp; sourceTree = "<group>"; };
		A0C1AAF11972228D000D33FA /* Player.h */ = {isa = PBXFileReference; lastKnownFileType = sourcecode.c.h; path = Player.h; sourceTree = "<group>"; };
/* End PBXFileReference section */

/* Begin PBXFrameworksBuildPhase section */
		A0C1AAD3197107EC000D33FA /* Frameworks */ = {
			isa = PBXFrameworksBuildPhase;
			buildActionMask = 2147483647;
			files = (
			);
			runOnlyForDeploymentPostprocessing = 0;
		};
/* End PBXFrameworksBuildPhase section */

/* Begin PBXGroup section */
		A0C1AACD197107EC000D33FA = {
			isa = PBXGroup;
			children = (
				A0C1AAD9197107EC000D33FA /* TestGame */,
				A0C1AAD8197107EC000D33FA /* Products */,
			);
			sourceTree = "<group>";
		};
		A0C1AAD8197107EC000D33FA /* Products */ = {
			isa = PBXGroup;
			children = (
				A0C1AAD7197107EC000D33FA /* TestGame.app */,
			);
			name = Products;
			sourceTree = "<group>";
		};
		A0C1AAD9197107EC000D33FA /* TestGame */ = {
			isa = PBXGroup;
			children = (
				A0C1AADC197107EC000D33FA /* ResourcePath.mm */,
				A0C1AADE197107EC000D33FA /* ResourcePath.hpp */,
				A0C1AAEF197119E6000D33FA /* Player.cpp */,
				A0C1AAF11972228D000D33FA /* Player.h */,
				A02CE4E3197514CC00D89C70 /* GameEntity.h */,
				A02CE4E51975169E00D89C70 /* GameEntity.cpp */,
				A02CE4E4197515FA00D89C70 /* PhysicalEntity.h */,
				A0C1AADF197107EC000D33FA /* main.cpp */,
				A0C1AAE1197107EC000D33FA /* Resources */,
				A0C1AADA197107EC000D33FA /* Supporting Files */,
			);
			path = TestGame;
			sourceTree = "<group>";
		};
		A0C1AADA197107EC000D33FA /* Supporting Files */ = {
			isa = PBXGroup;
			children = (
				A0C1AADB197107EC000D33FA /* TestGame-Info.plist */,
			);
			name = "Supporting Files";
			sourceTree = "<group>";
		};
		A0C1AAE1197107EC000D33FA /* Resources */ = {
			isa = PBXGroup;
			children = (
				A02CE4DD197233C100D89C70 /* Jump.ogg */,
				A02CE4DE197233C100D89C70 /* Mario_Theme.ogg */,
				A02CE4DF197233C100D89C70 /* Mario_tileset.png */,
				A0C1AAE2197107EC000D33FA /* cute_image.jpg */,
				A0C1AAE4197107EC000D33FA /* nice_music.ogg */,
				A0C1AAE6197107EC000D33FA /* sansation.ttf */,
				A0C1AAE8197107EC000D33FA /* icon.png */,
			);
			name = Resources;
			sourceTree = "<group>";
		};
/* End PBXGroup section */

/* Begin PBXNativeTarget section */
		A0C1AAD6197107EC000D33FA /* TestGame */ = {
			isa = PBXNativeTarget;
			buildConfigurationList = A0C1AAEC197107EC000D33FA /* Build configuration list for PBXNativeTarget "TestGame" */;
			buildPhases = (
				A0C1AAD2197107EC000D33FA /* Sources */,
				A0C1AAD3197107EC000D33FA /* Frameworks */,
				A0C1AAD4197107EC000D33FA /* Resources */,
				A0C1AAD5197107EC000D33FA /* ShellScript */,
			);
			buildRules = (
			);
			dependencies = (
			);
			name = TestGame;
			productName = TestGame;
			productReference = A0C1AAD7197107EC000D33FA /* TestGame.app */;
			productType = "com.apple.product-type.application";
		};
/* End PBXNativeTarget section */

/* Begin PBXProject section */
		A0C1AACE197107EC000D33FA /* Project object */ = {
			isa = PBXProject;
			attributes = {
				LastUpgradeCheck = 0600;
				ORGANIZATIONNAME = "Lucas Berezy";
				TargetAttributes = {
					A0C1AAD6197107EC000D33FA = {
						CreatedOnToolsVersion = 6.0;
					};
				};
			};
			buildConfigurationList = A0C1AAD1197107EC000D33FA /* Build configuration list for PBXProject "TestGame" */;
			compatibilityVersion = "Xcode 3.2";
			developmentRegion = English;
			hasScannedForEncodings = 0;
			knownRegions = (
				en,
			);
			mainGroup = A0C1AACD197107EC000D33FA;
			productRefGroup = A0C1AAD8197107EC000D33FA /* Products */;
			projectDirPath = "";
			projectRoot = "";
			targets = (
				A0C1AAD6197107EC000D33FA /* TestGame */,
			);
		};
/* End PBXProject section */

/* Begin PBXResourcesBuildPhase section */
		A0C1AAD4197107EC000D33FA /* Resources */ = {
			isa = PBXResourcesBuildPhase;
			buildActionMask = 2147483647;
			files = (
				A02CE4E2197233C100D89C70 /* Mario_tileset.png in Resources */,
				A02CE4E1197233C100D89C70 /* Mario_Theme.ogg in Resources */,
				A0C1AAE9197107EC000D33FA /* icon.png in Resources */,
				A02CE4E0197233C100D89C70 /* Jump.ogg in Resources */,
				A0C1AAE7197107EC000D33FA /* sansation.ttf in Resources */,
				A0C1AAE5197107EC000D33FA /* nice_music.ogg in Resources */,
				A0C1AAE3197107EC000D33FA /* cute_image.jpg in Resources */,
			);
			runOnlyForDeploymentPostprocessing = 0;
		};
/* End PBXResourcesBuildPhase section */

/* Begin PBXShellScriptBuildPhase section */
		A0C1AAD5197107EC000D33FA /* ShellScript */ = {
			isa = PBXShellScriptBuildPhase;
			buildActionMask = 2147483647;
			files = (
			);
			inputPaths = (
			);
			outputPaths = (
			);
			runOnlyForDeploymentPostprocessing = 0;
			shellPath = /bin/sh;
			shellScript = "# This shell script simply copies required sfml dylibs/frameworks into the application bundle frameworks folder.\n# If you're using static libraries (which is not recommended) you should remove this script from your project.\n\n# Are we building a project that uses framework or dylibs ?\ncase \"$SFML_BINARY_TYPE\" in\n    DYLIBS)\n        frameworks=\"false\"\n        ;;\n    *)\n        frameworks=\"true\"\n        ;;\nesac\n\n# Echoes to stderr\nerror () # $* message to display\n{\n    echo $* 1>&2\n    exit 2\n}\n\nassert () # $1 is a boolean, $2...N is an error message\n{\n    if [ $# -lt 2 ]\n    then\n        error \"Internal error in assert : not enough args\"\n    fi\n\n    if [ $1 -ne 0 ]\n    then\n        shift\n        error \"$*\"\n    fi\n}\n\nforce_remove () # $1 is a path\n{\n    test $# -eq 1\n    assert $? \"force_remove() requires one parameter\"\n    rm -fr \"$1\"\n    assert $? \"couldn't remove $1\"\n}\n\ncopy () # $1 is a source, $2 is a destination\n{\n    test $# -eq 2\n    assert $? \"copy() requires two parameters\"\n    ditto \"$1\" \"$2\"\n    assert $? \"couldn't copy $1 to $2\"\n}\n\nrequire () # $1 is a SFML module like 'system' or 'audio'\n{\n    dest=\"$BUILT_PRODUCTS_DIR/$PRODUCT_NAME.app/Contents/Frameworks\"\n\n    if [ -z \"$1\" ]\n    then\n        error \"require() requires one parameter!\"\n    else\n        # clean potentially old stuff\n        force_remove \"$dest/libsfml-$1.2.dylib\"\n        force_remove \"$dest/libsfml-$1-d.2.dylib\"\n        force_remove \"$dest/sfml-$1.framework\"\n\n        # copy SFML libraries\n        if [ \"$frameworks\" = \"true\" ]\n        then\n            copy \"/Library/Frameworks/sfml-$1.framework\" \"$dest/sfml-$1.framework\"\n        elif [ \"$SFML_LINK_DYLIBS_SUFFIX\" = \"-d\" ]\n        then\n            copy \"/usr/local/lib/libsfml-$1-d.2.dylib\" \"$dest/libsfml-$1-d.2.dylib\"\n        else\n            copy \"/usr/local/lib/libsfml-$1.2.dylib\" \"$dest/libsfml-$1.2.dylib\"\n        fi\n\n        if [ \"$1\" = \"audio\" ]\n        then\n            # copy sndfile framework too\n            copy \"/Library/Frameworks/sndfile.framework\" \"$dest/sndfile.framework\"\n        fi\n\n        if [ \"$1\" = \"graphics\" ]\n        then\n            # copy freetype framework too\n            copy \"/Library/Frameworks/freetype.framework\" \"$dest/freetype.framework\"\n        fi\n    fi\n}\n\nif [ -n \"$SFML_SYSTEM\" ]\nthen\n    require \"system\"\nfi\n\nif [ -n \"$SFML_AUDIO\" ]\nthen\n    require \"audio\"\nfi\n\nif [ -n \"$SFML_NETWORK\" ]\nthen\n    require \"network\"\nfi\n\nif [ -n \"$SFML_WINDOW\" ]\nthen\n    require \"window\"\nfi\n\nif [ -n \"$SFML_GRAPHICS\" ]\nthen\n    require \"graphics\"\nfi\n\n                ";
		};
/* End PBXShellScriptBuildPhase section */

/* Begin PBXSourcesBuildPhase section */
		A0C1AAD2197107EC000D33FA /* Sources */ = {
			isa = PBXSourcesBuildPhase;
			buildActionMask = 2147483647;
			files = (
				A0C1AAE0197107EC000D33FA /* main.cpp in Sources */,
				A0C1AADD197107EC000D33FA /* ResourcePath.mm in Sources */,
				A02CE4E61975169E00D89C70 /* GameEntity.cpp in Sources */,
				A0C1AAF0197119E6000D33FA /* Player.cpp in Sources */,
			);
			runOnlyForDeploymentPostprocessing = 0;
		};
/* End PBXSourcesBuildPhase section */

/* Begin XCBuildConfiguration section */
		A0C1AAEA197107EC000D33FA /* Debug */ = {
			isa = XCBuildConfiguration;
			buildSettings = {
				ARCHS = "$(ARCHS_STANDARD_32_64_BIT)";
				CLANG_CXX_LANGUAGE_STANDARD = "c++0x";
				CLANG_CXX_LIBRARY = "libc++";
				CLANG_WARN_EMPTY_BODY = YES;
				CLANG_WARN__DUPLICATE_METHOD_MATCH = YES;
				FRAMEWORK_SEARCH_PATHS = (
					/Library/Frameworks/,
					"$(inherited)",
				);
				GCC_OPTIMIZATION_LEVEL = 0;
				GCC_PREPROCESSOR_DEFINITIONS = (
					"DEBUG=1",
					"$(inherited)",
				);
				GCC_VERSION = com.apple.compilers.llvm.clang.1_0;
				GCC_WARN_ABOUT_RETURN_TYPE = YES;
				GCC_WARN_UNINITIALIZED_AUTOS = YES;
				GCC_WARN_UNUSED_VARIABLE = YES;
				HEADER_SEARCH_PATHS = (
					/usr/local/include/,
					"$(inherited)",
				);
				LIBRARY_SEARCH_PATHS = (
					/usr/local/lib/,
					"$(inherited)",
				);
				ONLY_ACTIVE_ARCH = NO;
				OTHER_LDFLAGS = (
					"$(inherited)",
					"$(SFML_SYSTEM)",
					"$(SFML_WINDOW)",
					"$(SFML_GRAPHICS)",
					"$(SFML_AUDIO)",
					"$(SFML_NETWORK)",
				);
				SFML_AUDIO = "$(SFML_LINK_PREFIX) sfml-audio$(SFML_LINK_SUFFIX)";
				SFML_BINARY_TYPE = FRAMEWORKS;
				SFML_GRAPHICS = "$(SFML_LINK_PREFIX) sfml-graphics$(SFML_LINK_SUFFIX)";
				SFML_LINK_DYLIBS_PREFIX = "-l";
				SFML_LINK_DYLIBS_SUFFIX = "";
				SFML_LINK_FRAMEWORKS_PREFIX = "-framework";
				SFML_LINK_FRAMEWORKS_SUFFIX = "";
				SFML_LINK_PREFIX = "$(SFML_LINK_$(SFML_BINARY_TYPE)_PREFIX)";
				SFML_LINK_SUFFIX = "$(SFML_LINK_$(SFML_BINARY_TYPE)_SUFFIX)";
				SFML_NETWORK = "$(SFML_LINK_PREFIX) sfml-network$(SFML_LINK_SUFFIX)";
				SFML_SYSTEM = "$(SFML_LINK_PREFIX) sfml-system$(SFML_LINK_SUFFIX)";
				SFML_WINDOW = "$(SFML_LINK_PREFIX) sfml-window$(SFML_LINK_SUFFIX)";
				SUPPORTED_PLATFORMS = macosx;
			};
			name = Debug;
		};
		A0C1AAEB197107EC000D33FA /* Release */ = {
			isa = XCBuildConfiguration;
			buildSettings = {
				ARCHS = "$(ARCHS_STANDARD_32_64_BIT)";
				CLANG_CXX_LANGUAGE_STANDARD = "c++0x";
				CLANG_CXX_LIBRARY = "libc++";
				CLANG_WARN_EMPTY_BODY = YES;
				CLANG_WARN__DUPLICATE_METHOD_MATCH = YES;
				COPY_PHASE_STRIP = YES;
				FRAMEWORK_SEARCH_PATHS = (
					/Library/Frameworks/,
					"$(inherited)",
				);
				GCC_VERSION = com.apple.compilers.llvm.clang.1_0;
				GCC_WARN_ABOUT_RETURN_TYPE = YES;
				GCC_WARN_UNINITIALIZED_AUTOS = YES;
				GCC_WARN_UNUSED_VARIABLE = YES;
				HEADER_SEARCH_PATHS = (
					/usr/local/include/,
					"$(inherited)",
				);
				LIBRARY_SEARCH_PATHS = (
					/usr/local/lib/,
					"$(inherited)",
				);
				ONLY_ACTIVE_ARCH = NO;
				OTHER_LDFLAGS = (
					"$(inherited)",
					"$(SFML_SYSTEM)",
					"$(SFML_WINDOW)",
					"$(SFML_GRAPHICS)",
					"$(SFML_AUDIO)",
					"$(SFML_NETWORK)",
				);
				SFML_AUDIO = "$(SFML_LINK_PREFIX) sfml-audio$(SFML_LINK_SUFFIX)";
				SFML_BINARY_TYPE = FRAMEWORKS;
				SFML_GRAPHICS = "$(SFML_LINK_PREFIX) sfml-graphics$(SFML_LINK_SUFFIX)";
				SFML_LINK_DYLIBS_PREFIX = "-l";
				SFML_LINK_DYLIBS_SUFFIX = "";
				SFML_LINK_FRAMEWORKS_PREFIX = "-framework";
				SFML_LINK_FRAMEWORKS_SUFFIX = "";
				SFML_LINK_PREFIX = "$(SFML_LINK_$(SFML_BINARY_TYPE)_PREFIX)";
				SFML_LINK_SUFFIX = "$(SFML_LINK_$(SFML_BINARY_TYPE)_SUFFIX)";
				SFML_NETWORK = "$(SFML_LINK_PREFIX) sfml-network$(SFML_LINK_SUFFIX)";
				SFML_SYSTEM = "$(SFML_LINK_PREFIX) sfml-system$(SFML_LINK_SUFFIX)";
				SFML_WINDOW = "$(SFML_LINK_PREFIX) sfml-window$(SFML_LINK_SUFFIX)";
				SUPPORTED_PLATFORMS = macosx;
			};
			name = Release;
		};
		A0C1AAED197107EC000D33FA /* Debug */ = {
			isa = XCBuildConfiguration;
			buildSettings = {
				ARCHS = "$(ARCHS_STANDARD)";
				INFOPLIST_FILE = "TestGame/TestGame-Info.plist";
				PRODUCT_NAME = "$(TARGET_NAME)";
				SDKROOT = macosx10.9;
			};
			name = Debug;
		};
		A0C1AAEE197107EC000D33FA /* Release */ = {
			isa = XCBuildConfiguration;
			buildSettings = {
				ARCHS = "$(ARCHS_STANDARD)";
				INFOPLIST_FILE = "TestGame/TestGame-Info.plist";
				PRODUCT_NAME = "$(TARGET_NAME)";
				SDKROOT = macosx10.9;
			};
			name = Release;
		};
/* End XCBuildConfiguration section */

/* Begin XCConfigurationList section */
		A0C1AAD1197107EC000D33FA /* Build configuration list for PBXProject "TestGame" */ = {
			isa = XCConfigurationList;
			buildConfigurations = (
				A0C1AAEA197107EC000D33FA /* Debug */,
				A0C1AAEB197107EC000D33FA /* Release */,
			);
			defaultConfigurationIsVisible = 0;
			defaultConfigurationName = Release;
		};
		A0C1AAEC197107EC000D33FA /* Build configuration list for PBXNativeTarget "TestGame" */ = {
			isa = XCConfigurationList;
			buildConfigurations = (
				A0C1AAED197107EC000D33FA /* Debug */,
				A0C1AAEE197107EC000D33FA /* Release */,
			);
			defaultConfigurationIsVisible = 0;
			defaultConfigurationName = Release;
		};
/* End XCConfigurationList section */
	};
	rootObject = A0C1AACE197107EC000D33FA /* Project object */;
}
